// !$*UTF8*$!
{
	archiveVersion = 1;
	classes = {
	};
	objectVersion = 60;
	objects = {

/* Begin PBXBuildFile section */
		6FBBCDDD2C45FEAE00A607A7 /* AppDelegate.swift in Sources */ = {isa = PBXBuildFile; fileRef = 6FBBCDDC2C45FEAE00A607A7 /* AppDelegate.swift */; };
		6FBBCDDF2C45FEAE00A607A7 /* SceneDelegate.swift in Sources */ = {isa = PBXBuildFile; fileRef = 6FBBCDDE2C45FEAE00A607A7 /* SceneDelegate.swift */; };
		6FBBCDE12C45FEAE00A607A7 /* ViewController.swift in Sources */ = {isa = PBXBuildFile; fileRef = 6FBBCDE02C45FEAE00A607A7 /* ViewController.swift */; };
		6FBBCDE42C45FEAE00A607A7 /* Base in Resources */ = {isa = PBXBuildFile; fileRef = 6FBBCDE32C45FEAE00A607A7 /* Base */; };
		6FBBCDE62C45FEAF00A607A7 /* Assets.xcassets in Resources */ = {isa = PBXBuildFile; fileRef = 6FBBCDE52C45FEAF00A607A7 /* Assets.xcassets */; };
		6FBBCDE92C45FEAF00A607A7 /* Base in Resources */ = {isa = PBXBuildFile; fileRef = 6FBBCDE82C45FEAF00A607A7 /* Base */; };
		6FBBCDF42C45FEB000A607A7 /* ___Tests.swift in Sources */ = {isa = PBXBuildFile; fileRef = 6FBBCDF32C45FEB000A607A7 /* ___Tests.swift */; };
		6FBBCDFE2C45FEB000A607A7 /* ___UITests.swift in Sources */ = {isa = PBXBuildFile; fileRef = 6FBBCDFD2C45FEB000A607A7 /* ___UITests.swift */; };
		6FBBCE002C45FEB000A607A7 /* ___UITestsLaunchTests.swift in Sources */ = {isa = PBXBuildFile; fileRef = 6FBBCDFF2C45FEB000A607A7 /* ___UITestsLaunchTests.swift */; };
/* End PBXBuildFile section */

/* Begin PBXContainerItemProxy section */
		6FBBCDF02C45FEAF00A607A7 /* PBXContainerItemProxy */ = {
			isa = PBXContainerItemProxy;
			containerPortal = 6FBBCDD12C45FEAE00A607A7 /* Project object */;
			proxyType = 1;
			remoteGlobalIDString = 6FBBCDD82C45FEAE00A607A7;
			remoteInfo = "電子書";
		};
		6FBBCDFA2C45FEB000A607A7 /* PBXContainerItemProxy */ = {
			isa = PBXContainerItemProxy;
			containerPortal = 6FBBCDD12C45FEAE00A607A7 /* Project object */;
			proxyType = 1;
			remoteGlobalIDString = 6FBBCDD82C45FEAE00A607A7;
			remoteInfo = "電子書";
		};
/* End PBXContainerItemProxy section */

/* Begin PBXFileReference section */
		6FBBCDD92C45FEAE00A607A7 /* 電子書.app */ = {isa = PBXFileReference; explicitFileType = wrapper.application; includeInIndex = 0; path = "電子書.app"; sourceTree = BUILT_PRODUCTS_DIR; };
		6FBBCDDC2C45FEAE00A607A7 /* AppDelegate.swift */ = {isa = PBXFileReference; lastKnownFileType = sourcecode.swift; path = AppDelegate.swift; sourceTree = "<group>"; };
		6FBBCDDE2C45FEAE00A607A7 /* SceneDelegate.swift */ = {isa = PBXFileReference; lastKnownFileType = sourcecode.swift; path = SceneDelegate.swift; sourceTree = "<group>"; };
		6FBBCDE02C45FEAE00A607A7 /* ViewController.swift */ = {isa = PBXFileReference; lastKnownFileType = sourcecode.swift; path = ViewController.swift; sourceTree = "<group>"; };
		6FBBCDE32C45FEAE00A607A7 /* Base */ = {isa = PBXFileReference; lastKnownFileType = file.storyboard; name = Base; path = Base.lproj/Main.storyboard; sourceTree = "<group>"; };
		6FBBCDE52C45FEAF00A607A7 /* Assets.xcassets */ = {isa = PBXFileReference; lastKnownFileType = folder.assetcatalog; path = Assets.xcassets; sourceTree = "<group>"; };
		6FBBCDE82C45FEAF00A607A7 /* Base */ = {isa = PBXFileReference; lastKnownFileType = file.storyboard; name = Base; path = Base.lproj/LaunchScreen.storyboard; sourceTree = "<group>"; };
		6FBBCDEA2C45FEAF00A607A7 /* Info.plist */ = {isa = PBXFileReference; lastKnownFileType = text.plist.xml; path = Info.plist; sourceTree = "<group>"; };
		6FBBCDEF2C45FEAF00A607A7 /* 電子書Tests.xctest */ = {isa = PBXFileReference; explicitFileType = wrapper.cfbundle; includeInIndex = 0; path = "電子書Tests.xctest"; sourceTree = BUILT_PRODUCTS_DIR; };
		6FBBCDF32C45FEB000A607A7 /* ___Tests.swift */ = {isa = PBXFileReference; lastKnownFileType = sourcecode.swift; path = "___Tests.swift"; sourceTree = "<group>"; };
		6FBBCDF92C45FEB000A607A7 /* 電子書UITests.xctest */ = {isa = PBXFileReference; explicitFileType = wrapper.cfbundle; includeInIndex = 0; path = "電子書UITests.xctest"; sourceTree = BUILT_PRODUCTS_DIR; };
		6FBBCDFD2C45FEB000A607A7 /* ___UITests.swift */ = {isa = PBXFileReference; lastKnownFileType = sourcecode.swift; path = "___UITests.swift"; sourceTree = "<group>"; };
		6FBBCDFF2C45FEB000A607A7 /* ___UITestsLaunchTests.swift */ = {isa = PBXFileReference; lastKnownFileType = sourcecode.swift; path = "___UITestsLaunchTests.swift"; sourceTree = "<group>"; };
/* End PBXFileReference section */

/* Begin PBXFrameworksBuildPhase section */
		6FBBCDD62C45FEAE00A607A7 /* Frameworks */ = {
			isa = PBXFrameworksBuildPhase;
			buildActionMask = 2147483647;
			files = (
			);
			runOnlyForDeploymentPostprocessing = 0;
		};
		6FBBCDEC2C45FEAF00A607A7 /* Frameworks */ = {
			isa = PBXFrameworksBuildPhase;
			buildActionMask = 2147483647;
			files = (
			);
			runOnlyForDeploymentPostprocessing = 0;
		};
		6FBBCDF62C45FEB000A607A7 /* Frameworks */ = {
			isa = PBXFrameworksBuildPhase;
			buildActionMask = 2147483647;
			files = (
			);
			runOnlyForDeploymentPostprocessing = 0;
		};
/* End PBXFrameworksBuildPhase section */

/* Begin PBXGroup section */
		6FBBCDD02C45FEAE00A607A7 = {
			isa = PBXGroup;
			children = (
				6FBBCDDB2C45FEAE00A607A7 /* 電子書 */,
				6FBBCDF22C45FEAF00A607A7 /* 電子書Tests */,
				6FBBCDFC2C45FEB000A607A7 /* 電子書UITests */,
				6FBBCDDA2C45FEAE00A607A7 /* Products */,
			);
			sourceTree = "<group>";
		};
		6FBBCDDA2C45FEAE00A607A7 /* Products */ = {
			isa = PBXGroup;
			children = (
				6FBBCDD92C45FEAE00A607A7 /* 電子書.app */,
				6FBBCDEF2C45FEAF00A607A7 /* 電子書Tests.xctest */,
				6FBBCDF92C45FEB000A607A7 /* 電子書UITests.xctest */,
			);
			name = Products;
			sourceTree = "<group>";
		};
		6FBBCDDB2C45FEAE00A607A7 /* 電子書 */ = {
			isa = PBXGroup;
			children = (
				6FBBCDDC2C45FEAE00A607A7 /* AppDelegate.swift */,
				6FBBCDDE2C45FEAE00A607A7 /* SceneDelegate.swift */,
				6FBBCDE02C45FEAE00A607A7 /* ViewController.swift */,
				6FBBCDE22C45FEAE00A607A7 /* Main.storyboard */,
				6FBBCDE52C45FEAF00A607A7 /* Assets.xcassets */,
				6FBBCDE72C45FEAF00A607A7 /* LaunchScreen.storyboard */,
				6FBBCDEA2C45FEAF00A607A7 /* Info.plist */,
			);
			path = "電子書";
			sourceTree = "<group>";
		};
		6FBBCDF22C45FEAF00A607A7 /* 電子書Tests */ = {
			isa = PBXGroup;
			children = (
				6FBBCDF32C45FEB000A607A7 /* ___Tests.swift */,
			);
			path = "電子書Tests";
			sourceTree = "<group>";
		};
		6FBBCDFC2C45FEB000A607A7 /* 電子書UITests */ = {
			isa = PBXGroup;
			children = (
				6FBBCDFD2C45FEB000A607A7 /* ___UITests.swift */,
				6FBBCDFF2C45FEB000A607A7 /* ___UITestsLaunchTests.swift */,
			);
			path = "電子書UITests";
			sourceTree = "<group>";
		};
/* End PBXGroup section */

/* Begin PBXNativeTarget section */
		6FBBCDD82C45FEAE00A607A7 /* 電子書 */ = {
			isa = PBXNativeTarget;
			buildConfigurationList = 6FBBCE032C45FEB000A607A7 /* Build configuration list for PBXNativeTarget "電子書" */;
			buildPhases = (
				6FBBCDD52C45FEAE00A607A7 /* Sources */,
				6FBBCDD62C45FEAE00A607A7 /* Frameworks */,
				6FBBCDD72C45FEAE00A607A7 /* Resources */,
			);
			buildRules = (
			);
			dependencies = (
			);
			name = "電子書";
			productName = "電子書";
			productReference = 6FBBCDD92C45FEAE00A607A7 /* 電子書.app */;
			productType = "com.apple.product-type.application";
		};
		6FBBCDEE2C45FEAF00A607A7 /* 電子書Tests */ = {
			isa = PBXNativeTarget;
			buildConfigurationList = 6FBBCE062C45FEB000A607A7 /* Build configuration list for PBXNativeTarget "電子書Tests" */;
			buildPhases = (
				6FBBCDEB2C45FEAF00A607A7 /* Sources */,
				6FBBCDEC2C45FEAF00A607A7 /* Frameworks */,
				6FBBCDED2C45FEAF00A607A7 /* Resources */,
			);
			buildRules = (
			);
			dependencies = (
				6FBBCDF12C45FEAF00A607A7 /* PBXTargetDependency */,
			);
			name = "電子書Tests";
			productName = "電子書Tests";
			productReference = 6FBBCDEF2C45FEAF00A607A7 /* 電子書Tests.xctest */;
			productType = "com.apple.product-type.bundle.unit-test";
		};
		6FBBCDF82C45FEB000A607A7 /* 電子書UITests */ = {
			isa = PBXNativeTarget;
			buildConfigurationList = 6FBBCE092C45FEB000A607A7 /* Build configuration list for PBXNativeTarget "電子書UITests" */;
			buildPhases = (
				6FBBCDF52C45FEB000A607A7 /* Sources */,
				6FBBCDF62C45FEB000A607A7 /* Frameworks */,
				6FBBCDF72C45FEB000A607A7 /* Resources */,
			);
			buildRules = (
			);
			dependencies = (
				6FBBCDFB2C45FEB000A607A7 /* PBXTargetDependency */,
			);
			name = "電子書UITests";
			productName = "電子書UITests";
			productReference = 6FBBCDF92C45FEB000A607A7 /* 電子書UITests.xctest */;
			productType = "com.apple.product-type.bundle.ui-testing";
		};
/* End PBXNativeTarget section */

/* Begin PBXProject section */
		6FBBCDD12C45FEAE00A607A7 /* Project object */ = {
			isa = PBXProject;
			attributes = {
				BuildIndependentTargetsInParallel = 1;
				LastSwiftUpdateCheck = 1600;
				LastUpgradeCheck = 1600;
				TargetAttributes = {
					6FBBCDD82C45FEAE00A607A7 = {
						CreatedOnToolsVersion = 16.0;
					};
					6FBBCDEE2C45FEAF00A607A7 = {
						CreatedOnToolsVersion = 16.0;
						TestTargetID = 6FBBCDD82C45FEAE00A607A7;
					};
					6FBBCDF82C45FEB000A607A7 = {
						CreatedOnToolsVersion = 16.0;
						TestTargetID = 6FBBCDD82C45FEAE00A607A7;
					};
				};
			};
			buildConfigurationList = 6FBBCDD42C45FEAE00A607A7 /* Build configuration list for PBXProject "電子書" */;
			compatibilityVersion = "Xcode 15.0";
			developmentRegion = en;
			hasScannedForEncodings = 0;
			knownRegions = (
				en,
				Base,
			);
			mainGroup = 6FBBCDD02C45FEAE00A607A7;
			productRefGroup = 6FBBCDDA2C45FEAE00A607A7 /* Products */;
			projectDirPath = "";
			projectRoot = "";
			targets = (
				6FBBCDD82C45FEAE00A607A7 /* 電子書 */,
				6FBBCDEE2C45FEAF00A607A7 /* 電子書Tests */,
				6FBBCDF82C45FEB000A607A7 /* 電子書UITests */,
			);
		};
/* End PBXProject section */

/* Begin PBXResourcesBuildPhase section */
		6FBBCDD72C45FEAE00A607A7 /* Resources */ = {
			isa = PBXResourcesBuildPhase;
			buildActionMask = 2147483647;
			files = (
				6FBBCDE62C45FEAF00A607A7 /* Assets.xcassets in Resources */,
				6FBBCDE92C45FEAF00A607A7 /* Base in Resources */,
				6FBBCDE42C45FEAE00A607A7 /* Base in Resources */,
			);
			runOnlyForDeploymentPostprocessing = 0;
		};
		6FBBCDED2C45FEAF00A607A7 /* Resources */ = {
			isa = PBXResourcesBuildPhase;
			buildActionMask = 2147483647;
			files = (
			);
			runOnlyForDeploymentPostprocessing = 0;
		};
		6FBBCDF72C45FEB000A607A7 /* Resources */ = {
			isa = PBXResourcesBuildPhase;
			buildActionMask = 2147483647;
			files = (
			);
			runOnlyForDeploymentPostprocessing = 0;
		};
/* End PBXResourcesBuildPhase section */

/* Begin PBXSourcesBuildPhase section */
		6FBBCDD52C45FEAE00A607A7 /* Sources */ = {
			isa = PBXSourcesBuildPhase;
			buildActionMask = 2147483647;
			files = (
				6FBBCDE12C45FEAE00A607A7 /* ViewController.swift in Sources */,
				6FBBCDDD2C45FEAE00A607A7 /* AppDelegate.swift in Sources */,
				6FBBCDDF2C45FEAE00A607A7 /* SceneDelegate.swift in Sources */,
			);
			runOnlyForDeploymentPostprocessing = 0;
		};
		6FBBCDEB2C45FEAF00A607A7 /* Sources */ = {
			isa = PBXSourcesBuildPhase;
			buildActionMask = 2147483647;
			files = (
				6FBBCDF42C45FEB000A607A7 /* ___Tests.swift in Sources */,
			);
			runOnlyForDeploymentPostprocessing = 0;
		};
		6FBBCDF52C45FEB000A607A7 /* Sources */ = {
			isa = PBXSourcesBuildPhase;
			buildActionMask = 2147483647;
			files = (
				6FBBCE002C45FEB000A607A7 /* ___UITestsLaunchTests.swift in Sources */,
				6FBBCDFE2C45FEB000A607A7 /* ___UITests.swift in Sources */,
			);
			runOnlyForDeploymentPostprocessing = 0;
		};
/* End PBXSourcesBuildPhase section */

/* Begin PBXTargetDependency section */
		6FBBCDF12C45FEAF00A607A7 /* PBXTargetDependency */ = {
			isa = PBXTargetDependency;
			target = 6FBBCDD82C45FEAE00A607A7 /* 電子書 */;
			targetProxy = 6FBBCDF02C45FEAF00A607A7 /* PBXContainerItemProxy */;
		};
		6FBBCDFB2C45FEB000A607A7 /* PBXTargetDependency */ = {
			isa = PBXTargetDependency;
			target = 6FBBCDD82C45FEAE00A607A7 /* 電子書 */;
			targetProxy = 6FBBCDFA2C45FEB000A607A7 /* PBXContainerItemProxy */;
		};
/* End PBXTargetDependency section */

/* Begin PBXVariantGroup section */
		6FBBCDE22C45FEAE00A607A7 /* Main.storyboard */ = {
			isa = PBXVariantGroup;
			children = (
				6FBBCDE32C45FEAE00A607A7 /* Base */,
			);
			name = Main.storyboard;
			sourceTree = "<group>";
		};
		6FBBCDE72C45FEAF00A607A7 /* LaunchScreen.storyboard */ = {
			isa = PBXVariantGroup;
			children = (
				6FBBCDE82C45FEAF00A607A7 /* Base */,
			);
			name = LaunchScreen.storyboard;
			sourceTree = "<group>";
		};
/* End PBXVariantGroup section */

/* Begin XCBuildConfiguration section */
		6FBBCE012C45FEB000A607A7 /* Debug */ = {
			isa = XCBuildConfiguration;
			buildSettings = {
				ALWAYS_SEARCH_USER_PATHS = NO;
				ASSETCATALOG_COMPILER_GENERATE_SWIFT_ASSET_SYMBOL_EXTENSIONS = YES;
				CLANG_ANALYZER_NONNULL = YES;
				CLANG_ANALYZER_NUMBER_OBJECT_CONVERSION = YES_AGGRESSIVE;
				CLANG_CXX_LANGUAGE_STANDARD = "gnu++20";
				CLANG_ENABLE_MODULES = YES;
				CLANG_ENABLE_OBJC_ARC = YES;
				CLANG_ENABLE_OBJC_WEAK = YES;
				CLANG_WARN_BLOCK_CAPTURE_AUTORELEASING = YES;
				CLANG_WARN_BOOL_CONVERSION = YES;
				CLANG_WARN_COMMA = YES;
				CLANG_WARN_CONSTANT_CONVERSION = YES;
				CLANG_WARN_DEPRECATED_OBJC_IMPLEMENTATIONS = YES;
				CLANG_WARN_DIRECT_OBJC_ISA_USAGE = YES_ERROR;
				CLANG_WARN_DOCUMENTATION_COMMENTS = YES;
				CLANG_WARN_EMPTY_BODY = YES;
				CLANG_WARN_ENUM_CONVERSION = YES;
				CLANG_WARN_INFINITE_RECURSION = YES;
				CLANG_WARN_INT_CONVERSION = YES;
				CLANG_WARN_NON_LITERAL_NULL_CONVERSION = YES;
				CLANG_WARN_OBJC_IMPLICIT_RETAIN_SELF = YES;
				CLANG_WARN_OBJC_LITERAL_CONVERSION = YES;
				CLANG_WARN_OBJC_ROOT_CLASS = YES_ERROR;
				CLANG_WARN_QUOTED_INCLUDE_IN_FRAMEWORK_HEADER = YES;
				CLANG_WARN_RANGE_LOOP_ANALYSIS = YES;
				CLANG_WARN_STRICT_PROTOTYPES = YES;
				CLANG_WARN_SUSPICIOUS_MOVE = YES;
				CLANG_WARN_UNGUARDED_AVAILABILITY = YES_AGGRESSIVE;
				CLANG_WARN_UNREACHABLE_CODE = YES;
				CLANG_WARN__DUPLICATE_METHOD_MATCH = YES;
				COPY_PHASE_STRIP = NO;
				DEBUG_INFORMATION_FORMAT = dwarf;
				ENABLE_STRICT_OBJC_MSGSEND = YES;
				ENABLE_TESTABILITY = YES;
				ENABLE_USER_SCRIPT_SANDBOXING = YES;
				GCC_C_LANGUAGE_STANDARD = gnu17;
				GCC_DYNAMIC_NO_PIC = NO;
				GCC_NO_COMMON_BLOCKS = YES;
				GCC_OPTIMIZATION_LEVEL = 0;
				GCC_PREPROCESSOR_DEFINITIONS = (
					"DEBUG=1",
					"$(inherited)",
				);
				GCC_WARN_64_TO_32_BIT_CONVERSION = YES;
				GCC_WARN_ABOUT_RETURN_TYPE = YES_ERROR;
				GCC_WARN_UNDECLARED_SELECTOR = YES;
				GCC_WARN_UNINITIALIZED_AUTOS = YES_AGGRESSIVE;
				GCC_WARN_UNUSED_FUNCTION = YES;
				GCC_WARN_UNUSED_VARIABLE = YES;
				IPHONEOS_DEPLOYMENT_TARGET = 18.0;
				LOCALIZATION_PREFERS_STRING_CATALOGS = YES;
				MTL_ENABLE_DEBUG_INFO = INCLUDE_SOURCE;
				MTL_FAST_MATH = YES;
				ONLY_ACTIVE_ARCH = YES;
				SDKROOT = iphoneos;
				SWIFT_ACTIVE_COMPILATION_CONDITIONS = "DEBUG $(inherited)";
				SWIFT_OPTIMIZATION_LEVEL = "-Onone";
			};
			name = Debug;
		};
		6FBBCE022C45FEB000A607A7 /* Release */ = {
			isa = XCBuildConfiguration;
			buildSettings = {
				ALWAYS_SEARCH_USER_PATHS = NO;
				ASSETCATALOG_COMPILER_GENERATE_SWIFT_ASSET_SYMBOL_EXTENSIONS = YES;
				CLANG_ANALYZER_NONNULL = YES;
				CLANG_ANALYZER_NUMBER_OBJECT_CONVERSION = YES_AGGRESSIVE;
				CLANG_CXX_LANGUAGE_STANDARD = "gnu++20";
				CLANG_ENABLE_MODULES = YES;
				CLANG_ENABLE_OBJC_ARC = YES;
				CLANG_ENABLE_OBJC_WEAK = YES;
				CLANG_WARN_BLOCK_CAPTURE_AUTORELEASING = YES;
				CLANG_WARN_BOOL_CONVERSION = YES;
				CLANG_WARN_COMMA = YES;
				CLANG_WARN_CONSTANT_CONVERSION = YES;
				CLANG_WARN_DEPRECATED_OBJC_IMPLEMENTATIONS = YES;
				CLANG_WARN_DIRECT_OBJC_ISA_USAGE = YES_ERROR;
				CLANG_WARN_DOCUMENTATION_COMMENTS = YES;
				CLANG_WARN_EMPTY_BODY = YES;
				CLANG_WARN_ENUM_CONVERSION = YES;
				CLANG_WARN_INFINITE_RECURSION = YES;
				CLANG_WARN_INT_CONVERSION = YES;
				CLANG_WARN_NON_LITERAL_NULL_CONVERSION = YES;
				CLANG_WARN_OBJC_IMPLICIT_RETAIN_SELF = YES;
				CLANG_WARN_OBJC_LITERAL_CONVERSION = YES;
				CLANG_WARN_OBJC_ROOT_CLASS = YES_ERROR;
				CLANG_WARN_QUOTED_INCLUDE_IN_FRAMEWORK_HEADER = YES;
				CLANG_WARN_RANGE_LOOP_ANALYSIS = YES;
				CLANG_WARN_STRICT_PROTOTYPES = YES;
				CLANG_WARN_SUSPICIOUS_MOVE = YES;
				CLANG_WARN_UNGUARDED_AVAILABILITY = YES_AGGRESSIVE;
				CLANG_WARN_UNREACHABLE_CODE = YES;
				CLANG_WARN__DUPLICATE_METHOD_MATCH = YES;
				COPY_PHASE_STRIP = NO;
				DEBUG_INFORMATION_FORMAT = "dwarf-with-dsym";
				ENABLE_NS_ASSERTIONS = NO;
				ENABLE_STRICT_OBJC_MSGSEND = YES;
				ENABLE_USER_SCRIPT_SANDBOXING = YES;
				GCC_C_LANGUAGE_STANDARD = gnu17;
				GCC_NO_COMMON_BLOCKS = YES;
				GCC_WARN_64_TO_32_BIT_CONVERSION = YES;
				GCC_WARN_ABOUT_RETURN_TYPE = YES_ERROR;
				GCC_WARN_UNDECLARED_SELECTOR = YES;
				GCC_WARN_UNINITIALIZED_AUTOS = YES_AGGRESSIVE;
				GCC_WARN_UNUSED_FUNCTION = YES;
				GCC_WARN_UNUSED_VARIABLE = YES;
				IPHONEOS_DEPLOYMENT_TARGET = 18.0;
				LOCALIZATION_PREFERS_STRING_CATALOGS = YES;
				MTL_ENABLE_DEBUG_INFO = NO;
				MTL_FAST_MATH = YES;
				SDKROOT = iphoneos;
				SWIFT_COMPILATION_MODE = wholemodule;
				VALIDATE_PRODUCT = YES;
			};
			name = Release;
		};
		6FBBCE042C45FEB000A607A7 /* Debug */ = {
			isa = XCBuildConfiguration;
			buildSettings = {
				ASSETCATALOG_COMPILER_APPICON_NAME = AppIcon;
				ASSETCATALOG_COMPILER_GLOBAL_ACCENT_COLOR_NAME = AccentColor;
				CODE_SIGN_STYLE = Automatic;
				CURRENT_PROJECT_VERSION = 1;
				DEVELOPMENT_TEAM = A3UF4B4CBW;
				GENERATE_INFOPLIST_FILE = YES;
				INFOPLIST_FILE = "電子書/Info.plist";
				INFOPLIST_KEY_UIApplicationSupportsIndirectInputEvents = YES;
				INFOPLIST_KEY_UILaunchStoryboardName = LaunchScreen;
				INFOPLIST_KEY_UIMainStoryboardFile = Main;
				INFOPLIST_KEY_UISupportedInterfaceOrientations_iPad = "UIInterfaceOrientationPortrait UIInterfaceOrientationPortraitUpsideDown UIInterfaceOrientationLandscapeLeft UIInterfaceOrientationLandscapeRight";
				INFOPLIST_KEY_UISupportedInterfaceOrientations_iPhone = "UIInterfaceOrientationPortrait UIInterfaceOrientationLandscapeLeft UIInterfaceOrientationLandscapeRight";
				LD_RUNPATH_SEARCH_PATHS = (
					"$(inherited)",
					"@executable_path/Frameworks",
				);
				MARKETING_VERSION = 1.0;
				PRODUCT_BUNDLE_IDENTIFIER = "Centertek.---";
				PRODUCT_NAME = "$(TARGET_NAME)";
				SWIFT_EMIT_LOC_STRINGS = YES;
				SWIFT_VERSION = 5.0;
				TARGETED_DEVICE_FAMILY = "1,2";
			};
			name = Debug;
		};
		6FBBCE052C45FEB000A607A7 /* Release */ = {
			isa = XCBuildConfiguration;
			buildSettings = {
				ASSETCATALOG_COMPILER_APPICON_NAME = AppIcon;
				ASSETCATALOG_COMPILER_GLOBAL_ACCENT_COLOR_NAME = AccentColor;
				CODE_SIGN_STYLE = Automatic;
				CURRENT_PROJECT_VERSION = 1;
				DEVELOPMENT_TEAM = A3UF4B4CBW;
				GENERATE_INFOPLIST_FILE = YES;
				INFOPLIST_FILE = "電子書/Info.plist";
				INFOPLIST_KEY_UIApplicationSupportsIndirectInputEvents = YES;
				INFOPLIST_KEY_UILaunchStoryboardName = LaunchScreen;
				INFOPLIST_KEY_UIMainStoryboardFile = Main;
				INFOPLIST_KEY_UISupportedInterfaceOrientations_iPad = "UIInterfaceOrientationPortrait UIInterfaceOrientationPortraitUpsideDown UIInterfaceOrientationLandscapeLeft UIInterfaceOrientationLandscapeRight";
				INFOPLIST_KEY_UISupportedInterfaceOrientations_iPhone = "UIInterfaceOrientationPortrait UIInterfaceOrientationLandscapeLeft UIInterfaceOrientationLandscapeRight";
				LD_RUNPATH_SEARCH_PATHS = (
					"$(inherited)",
					"@executable_path/Frameworks",
				);
				MARKETING_VERSION = 1.0;
				PRODUCT_BUNDLE_IDENTIFIER = "Centertek.---";
				PRODUCT_NAME = "$(TARGET_NAME)";
				SWIFT_EMIT_LOC_STRINGS = YES;
				SWIFT_VERSION = 5.0;
				TARGETED_DEVICE_FAMILY = "1,2";
			};
			name = Release;
		};
		6FBBCE072C45FEB000A607A7 /* Debug */ = {
			isa = XCBuildConfiguration;
			buildSettings = {
				BUNDLE_LOADER = "$(TEST_HOST)";
				CODE_SIGN_STYLE = Automatic;
				CURRENT_PROJECT_VERSION = 1;
				DEVELOPMENT_TEAM = A3UF4B4CBW;
				GENERATE_INFOPLIST_FILE = YES;
				IPHONEOS_DEPLOYMENT_TARGET = 18.0;
				MARKETING_VERSION = 1.0;
				PRODUCT_BUNDLE_IDENTIFIER = "Centertek.---Tests";
				PRODUCT_NAME = "$(TARGET_NAME)";
				SWIFT_EMIT_LOC_STRINGS = NO;
				SWIFT_VERSION = 5.0;
				TARGETED_DEVICE_FAMILY = "1,2";
				TEST_HOST = "$(BUILT_PRODUCTS_DIR)/電子書.app/$(BUNDLE_EXECUTABLE_FOLDER_PATH)/電子書";
			};
			name = Debug;
		};
		6FBBCE082C45FEB000A607A7 /* Release */ = {
			isa = XCBuildConfiguration;
			buildSettings = {
				BUNDLE_LOADER = "$(TEST_HOST)";
				CODE_SIGN_STYLE = Automatic;
				CURRENT_PROJECT_VERSION = 1;
				DEVELOPMENT_TEAM = A3UF4B4CBW;
				GENERATE_INFOPLIST_FILE = YES;
				IPHONEOS_DEPLOYMENT_TARGET = 18.0;
				MARKETING_VERSION = 1.0;
				PRODUCT_BUNDLE_IDENTIFIER = "Centertek.---Tests";
				PRODUCT_NAME = "$(TARGET_NAME)";
				SWIFT_EMIT_LOC_STRINGS = NO;
				SWIFT_VERSION = 5.0;
				TARGETED_DEVICE_FAMILY = "1,2";
				TEST_HOST = "$(BUILT_PRODUCTS_DIR)/電子書.app/$(BUNDLE_EXECUTABLE_FOLDER_PATH)/電子書";
			};
			name = Release;
		};
		6FBBCE0A2C45FEB000A607A7 /* Debug */ = {
			isa = XCBuildConfiguration;
			buildSettings = {
				CODE_SIGN_STYLE = Automatic;
				CURRENT_PROJECT_VERSION = 1;
				DEVELOPMENT_TEAM = A3UF4B4CBW;
				GENERATE_INFOPLIST_FILE = YES;
				MARKETING_VERSION = 1.0;
				PRODUCT_BUNDLE_IDENTIFIER = "Centertek.---UITests";
				PRODUCT_NAME = "$(TARGET_NAME)";
				SWIFT_EMIT_LOC_STRINGS = NO;
				SWIFT_VERSION = 5.0;
				TARGETED_DEVICE_FAMILY = "1,2";
				TEST_TARGET_NAME = "電子書";
			};
			name = Debug;
		};
		6FBBCE0B2C45FEB000A607A7 /* Release */ = {
			isa = XCBuildConfiguration;
			buildSettings = {
				CODE_SIGN_STYLE = Automatic;
				CURRENT_PROJECT_VERSION = 1;
				DEVELOPMENT_TEAM = A3UF4B4CBW;
				GENERATE_INFOPLIST_FILE = YES;
				MARKETING_VERSION = 1.0;
				PRODUCT_BUNDLE_IDENTIFIER = "Centertek.---UITests";
				PRODUCT_NAME = "$(TARGET_NAME)";
				SWIFT_EMIT_LOC_STRINGS = NO;
				SWIFT_VERSION = 5.0;
				TARGETED_DEVICE_FAMILY = "1,2";
				TEST_TARGET_NAME = "電子書";
			};
			name = Release;
		};
/* End XCBuildConfiguration section */

/* Begin XCConfigurationList section */
		6FBBCDD42C45FEAE00A607A7 /* Build configuration list for PBXProject "電子書" */ = {
			isa = XCConfigurationList;
			buildConfigurations = (
				6FBBCE012C45FEB000A607A7 /* Debug */,
				6FBBCE022C45FEB000A607A7 /* Release */,
			);
			defaultConfigurationIsVisible = 0;
			defaultConfigurationName = Release;
		};
		6FBBCE032C45FEB000A607A7 /* Build configuration list for PBXNativeTarget "電子書" */ = {
			isa = XCConfigurationList;
			buildConfigurations = (
				6FBBCE042C45FEB000A607A7 /* Debug */,
				6FBBCE052C45FEB000A607A7 /* Release */,
			);
			defaultConfigurationIsVisible = 0;
			defaultConfigurationName = Release;
		};
		6FBBCE062C45FEB000A607A7 /* Build configuration list for PBXNativeTarget "電子書Tests" */ = {
			isa = XCConfigurationList;
			buildConfigurations = (
				6FBBCE072C45FEB000A607A7 /* Debug */,
				6FBBCE082C45FEB000A607A7 /* Release */,
			);
			defaultConfigurationIsVisible = 0;
			defaultConfigurationName = Release;
		};
		6FBBCE092C45FEB000A607A7 /* Build configuration list for PBXNativeTarget "電子書UITests" */ = {
			isa = XCConfigurationList;
			buildConfigurations = (
				6FBBCE0A2C45FEB000A607A7 /* Debug */,
				6FBBCE0B2C45FEB000A607A7 /* Release */,
			);
			defaultConfigurationIsVisible = 0;
			defaultConfigurationName = Release;
		};
/* End XCConfigurationList section */
	};
	rootObject = 6FBBCDD12C45FEAE00A607A7 /* Project object */;
}
